{
  "object": {
    "pins": [
      {
        "package": "CryptoSwift",
        "repositoryURL": "https://github.com/krzyzanowskim/CryptoSwift.git",
        "state": {
          "branch": null,
          "revision": "39f08ac5269361a50c08ce1e2f41989bfc4b1ec8",
          "version": "1.3.1"
        }
      },
      {
        "package": "OLEKit",
        "repositoryURL": "https://github.com/CoreOffice/OLEKit.git",
        "state": {
          "branch": null,
          "revision": "955997368c17d899b0a603ea02d44b6036143a34",
          "version": "0.1.0"
        }
      },
      {
        "package": "swift-crypto",
        "repositoryURL": "https://github.com/apple/swift-crypto.git",
        "state": {
          "branch": null,
          "revision": "d67ac68d09a95443303e9d6e37b34e7ba101d5f1",
          "version": "1.0.1"
        }
      },
      {
        "package": "XMLCoder",
        "repositoryURL": "https://github.com/MaxDesiatov/XMLCoder.git",
        "state": {
          "branch": null,
          "revision": "ac411bd6ab342780be0dfe6f679410f791d751d9",
          "version": "0.11.1"
        }
      },
      {
        "package": "ZIPFoundation",
        "repositoryURL": "https://github.com/weichsel/ZIPFoundation.git",
        "state": {
          "branch": null,
          "revision": "ec32d62d412578542c0ffb7a6ce34d3e64b43b94",
          "version": "0.9.11"
        }
      }
    ]
  },
  "version": 1
}
