{
  "object": {
    "pins": [
      {
        "package": "OLEKit",
        "repositoryURL": "https://github.com/CoreOffice/OLEKit.git",
        "state": {
          "branch": "master",
          "revision": "63becde804a4d9e9cf018e5ba7eca620888b72ff",
          "version": null
        }
      },
      {
        "package": "swift-crypto",
        "repositoryURL": "https://github.com/apple/swift-crypto.git",
        "state": {
          "branch": null,
          "revision": "d67ac68d09a95443303e9d6e37b34e7ba101d5f1",
          "version": "1.0.1"
        }
      }
    ]
  },
  "version": 1
}
